// !$*UTF8*$!
{
	archiveVersion = 1;
	classes = {
	};
	objectVersion = 46;
	objects = {

/* Begin PBXBuildFile section */
		663498CE2171971C00DD64C0 /* ImageSource.xcassets in Resources */ = {isa = PBXBuildFile; fileRef = 663498CD2171971C00DD64C0 /* ImageSource.xcassets */; };
		66C696C41FD9632600A4CE27 /* IJKMediaFramework.framework in Frameworks */ = {isa = PBXBuildFile; fileRef = 66C696C31FD9632600A4CE27 /* IJKMediaFramework.framework */; };
		66D2D779200639EE00FDE0C7 /* ScreenShotListCell.m in Sources */ = {isa = PBXBuildFile; fileRef = 66D2D777200639ED00FDE0C7 /* ScreenShotListCell.m */; };
		66D2D77C20063A0700FDE0C7 /* ScreenShotListViewController.m in Sources */ = {isa = PBXBuildFile; fileRef = 66D2D77A20063A0700FDE0C7 /* ScreenShotListViewController.m */; };
		7600DCDD1D95768700D7FA09 /* MediaPlayer.framework in Frameworks */ = {isa = PBXBuildFile; fileRef = 7600DCDC1D95768700D7FA09 /* MediaPlayer.framework */; };
		7600DCDF1D95769500D7FA09 /* AudioToolbox.framework in Frameworks */ = {isa = PBXBuildFile; fileRef = 7600DCDE1D95769500D7FA09 /* AudioToolbox.framework */; };
		7600DCE11D95769E00D7FA09 /* VideoToolbox.framework in Frameworks */ = {isa = PBXBuildFile; fileRef = 7600DCE01D95769E00D7FA09 /* VideoToolbox.framework */; };
		7600DCE31D9576A800D7FA09 /* CoreLocation.framework in Frameworks */ = {isa = PBXBuildFile; fileRef = 7600DCE21D9576A800D7FA09 /* CoreLocation.framework */; };
		7600DCE51D9576B500D7FA09 /* CoreVideo.framework in Frameworks */ = {isa = PBXBuildFile; fileRef = 7600DCE41D9576B500D7FA09 /* CoreVideo.framework */; };
		7600DCE71D9576C000D7FA09 /* CoreMedia.framework in Frameworks */ = {isa = PBXBuildFile; fileRef = 7600DCE61D9576C000D7FA09 /* CoreMedia.framework */; };
		7600DCE91D9576CA00D7FA09 /* SystemConfiguration.framework in Frameworks */ = {isa = PBXBuildFile; fileRef = 7600DCE81D9576CA00D7FA09 /* SystemConfiguration.framework */; };
		7600DCEB1D9576D600D7FA09 /* CoreFoundation.framework in Frameworks */ = {isa = PBXBuildFile; fileRef = 7600DCEA1D9576D600D7FA09 /* CoreFoundation.framework */; };
		7600DCED1D9576E400D7FA09 /* CoreTelephony.framework in Frameworks */ = {isa = PBXBuildFile; fileRef = 7600DCEC1D9576E400D7FA09 /* CoreTelephony.framework */; };
		7600DCEF1D9576F000D7FA09 /* CoreGraphics.framework in Frameworks */ = {isa = PBXBuildFile; fileRef = 7600DCEE1D9576F000D7FA09 /* CoreGraphics.framework */; };
		7600DCF11D9576FB00D7FA09 /* OpenGLES.framework in Frameworks */ = {isa = PBXBuildFile; fileRef = 7600DCF01D9576FB00D7FA09 /* OpenGLES.framework */; };
		7600DCF31D95770500D7FA09 /* Security.framework in Frameworks */ = {isa = PBXBuildFile; fileRef = 7600DCF21D95770500D7FA09 /* Security.framework */; };
		7600DCF51D95771400D7FA09 /* Foundation.framework in Frameworks */ = {isa = PBXBuildFile; fileRef = 7600DCF41D95771400D7FA09 /* Foundation.framework */; };
		7600DCF71D95771E00D7FA09 /* UIKit.framework in Frameworks */ = {isa = PBXBuildFile; fileRef = 7600DCF61D95771E00D7FA09 /* UIKit.framework */; };
		7600DCF91D95789F00D7FA09 /* libz.tbd in Frameworks */ = {isa = PBXBuildFile; fileRef = 7600DCF81D95789F00D7FA09 /* libz.tbd */; };
		7600DCFB1D9578A700D7FA09 /* libbz2.tbd in Frameworks */ = {isa = PBXBuildFile; fileRef = 7600DCFA1D9578A700D7FA09 /* libbz2.tbd */; };
		7600DCFD1D9578C500D7FA09 /* libicucore.tbd in Frameworks */ = {isa = PBXBuildFile; fileRef = 7600DCFC1D9578C500D7FA09 /* libicucore.tbd */; };
		7600DD011D95812300D7FA09 /* ToolBar.m in Sources */ = {isa = PBXBuildFile; fileRef = 7600DD001D95812300D7FA09 /* ToolBar.m */; };
		760559E11D9040FB0075C01B /* LunchScreen.xib in Resources */ = {isa = PBXBuildFile; fileRef = 760559E01D9040FB0075C01B /* LunchScreen.xib */; };
		765E51811D92B442005A7FBC /* Images.xcassets in Resources */ = {isa = PBXBuildFile; fileRef = 765E51801D92B442005A7FBC /* Images.xcassets */; };
		765E518A1D92CD5E005A7FBC /* PlayViewController.m in Sources */ = {isa = PBXBuildFile; fileRef = 765E51891D92CD5E005A7FBC /* PlayViewController.m */; };
		765E51C11D92DE7D005A7FBC /* VideoCell.m in Sources */ = {isa = PBXBuildFile; fileRef = 765E51C01D92DE7D005A7FBC /* VideoCell.m */; };
		96A10CCE1CA58ACB00BE3AD1 /* libstdc++.tbd in Frameworks */ = {isa = PBXBuildFile; fileRef = 96A10CCD1CA58ACB00BE3AD1 /* libstdc++.tbd */; };
		96A10CD01CA58AD700BE3AD1 /* libiconv.tbd in Frameworks */ = {isa = PBXBuildFile; fileRef = 96A10CCF1CA58AD700BE3AD1 /* libiconv.tbd */; };
		A1195C621E6AF22300535E11 /* EasySetingViewController.m in Sources */ = {isa = PBXBuildFile; fileRef = A1195C601E6AF22300535E11 /* EasySetingViewController.m */; };
		A1195C631E6AF22300535E11 /* EasySetingViewController.xib in Resources */ = {isa = PBXBuildFile; fileRef = A1195C611E6AF22300535E11 /* EasySetingViewController.xib */; };
		A17A0A691F6C012900F47FF5 /* FileListViewController.m in Sources */ = {isa = PBXBuildFile; fileRef = A17A0A671F6C012900F47FF5 /* FileListViewController.m */; };
		A17A0A6A1F6C012900F47FF5 /* FileListViewController.xib in Resources */ = {isa = PBXBuildFile; fileRef = A17A0A681F6C012900F47FF5 /* FileListViewController.xib */; };
		A1C5EAAC1E4C0DF10075C4BE /* EasyInfoViewController.m in Sources */ = {isa = PBXBuildFile; fileRef = A1C5EAAB1E4C0DF10075C4BE /* EasyInfoViewController.m */; };
		A1C5EAAE1E4C0F040075C4BE /* EasyInfoViewController.xib in Resources */ = {isa = PBXBuildFile; fileRef = A1C5EAAD1E4C0F040075C4BE /* EasyInfoViewController.xib */; };
		A1C5EAEA1E4C8D540075C4BE /* CustomAlertView.m in Sources */ = {isa = PBXBuildFile; fileRef = A1C5EAE31E4C8D540075C4BE /* CustomAlertView.m */; };
		A1C5EAEB1E4C8D540075C4BE /* MBProgressHUD.m in Sources */ = {isa = PBXBuildFile; fileRef = A1C5EAE51E4C8D540075C4BE /* MBProgressHUD.m */; };
		A1C5EAEC1E4C8D540075C4BE /* MBTextHud.m in Sources */ = {isa = PBXBuildFile; fileRef = A1C5EAE71E4C8D540075C4BE /* MBTextHud.m */; };
		A1C5EAED1E4C8D540075C4BE /* UiotHUD.m in Sources */ = {isa = PBXBuildFile; fileRef = A1C5EAE91E4C8D540075C4BE /* UiotHUD.m */; };
		A1E9CE7D1F6CC148007577AC /* VideoListViewController.m in Sources */ = {isa = PBXBuildFile; fileRef = A1E9CE7B1F6CC148007577AC /* VideoListViewController.m */; };
		A1E9CE7E1F6CC148007577AC /* VideoListViewController.xib in Resources */ = {isa = PBXBuildFile; fileRef = A1E9CE7C1F6CC148007577AC /* VideoListViewController.xib */; };
		C458D31F1CAB7071004C34C7 /* AVFoundation.framework in Frameworks */ = {isa = PBXBuildFile; fileRef = C458D31E1CAB7071004C34C7 /* AVFoundation.framework */; };
		C458D3251CAB770E004C34C7 /* RootViewController.m in Sources */ = {isa = PBXBuildFile; fileRef = C458D3241CAB770E004C34C7 /* RootViewController.m */; };
		DAE85E9B1B733B2600062371 /* main.m in Sources */ = {isa = PBXBuildFile; fileRef = DAE85E9A1B733B2600062371 /* main.m */; };
		DAE85E9E1B733B2600062371 /* AppDelegate.m in Sources */ = {isa = PBXBuildFile; fileRef = DAE85E9D1B733B2600062371 /* AppDelegate.m */; };
		EBE6BE4603EB6419BAB0EF91 /* libPods-EasyPlayerPro.a in Frameworks */ = {isa = PBXBuildFile; fileRef = 66974DBE223389C70003125C /* libPods-EasyPlayerPro.a */; };
/* End PBXBuildFile section */

/* Begin PBXFileReference section */
		663498CD2171971C00DD64C0 /* ImageSource.xcassets */ = {isa = PBXFileReference; lastKnownFileType = folder.assetcatalog; path = ImageSource.xcassets; sourceTree = "<group>"; };
		66974DBE223389C70003125C /* libPods-EasyPlayerPro.a */ = {isa = PBXFileReference; explicitFileType = archive.ar; path = "libPods-EasyPlayerPro.a"; sourceTree = BUILT_PRODUCTS_DIR; };
		66C696C31FD9632600A4CE27 /* IJKMediaFramework.framework */ = {isa = PBXFileReference; lastKnownFileType = wrapper.framework; name = IJKMediaFramework.framework; path = EasyPlayer/IJKMediaFramework.framework; sourceTree = "<group>"; };
		66D2D777200639ED00FDE0C7 /* ScreenShotListCell.m */ = {isa = PBXFileReference; fileEncoding = 4; lastKnownFileType = sourcecode.c.objc; path = ScreenShotListCell.m; sourceTree = "<group>"; };
		66D2D778200639EE00FDE0C7 /* ScreenShotListCell.h */ = {isa = PBXFileReference; fileEncoding = 4; lastKnownFileType = sourcecode.c.h; path = ScreenShotListCell.h; sourceTree = "<group>"; };
		66D2D77A20063A0700FDE0C7 /* ScreenShotListViewController.m */ = {isa = PBXFileReference; fileEncoding = 4; lastKnownFileType = sourcecode.c.objc; path = ScreenShotListViewController.m; sourceTree = "<group>"; };
		66D2D77B20063A0700FDE0C7 /* ScreenShotListViewController.h */ = {isa = PBXFileReference; fileEncoding = 4; lastKnownFileType = sourcecode.c.h; path = ScreenShotListViewController.h; sourceTree = "<group>"; };
		7600DCDC1D95768700D7FA09 /* MediaPlayer.framework */ = {isa = PBXFileReference; lastKnownFileType = wrapper.framework; name = MediaPlayer.framework; path = System/Library/Frameworks/MediaPlayer.framework; sourceTree = SDKROOT; };
		7600DCDE1D95769500D7FA09 /* AudioToolbox.framework */ = {isa = PBXFileReference; lastKnownFileType = wrapper.framework; name = AudioToolbox.framework; path = System/Library/Frameworks/AudioToolbox.framework; sourceTree = SDKROOT; };
		7600DCE01D95769E00D7FA09 /* VideoToolbox.framework */ = {isa = PBXFileReference; lastKnownFileType = wrapper.framework; name = VideoToolbox.framework; path = System/Library/Frameworks/VideoToolbox.framework; sourceTree = SDKROOT; };
		7600DCE21D9576A800D7FA09 /* CoreLocation.framework */ = {isa = PBXFileReference; lastKnownFileType = wrapper.framework; name = CoreLocation.framework; path = System/Library/Frameworks/CoreLocation.framework; sourceTree = SDKROOT; };
		7600DCE41D9576B500D7FA09 /* CoreVideo.framework */ = {isa = PBXFileReference; lastKnownFileType = wrapper.framework; name = CoreVideo.framework; path = System/Library/Frameworks/CoreVideo.framework; sourceTree = SDKROOT; };
		7600DCE61D9576C000D7FA09 /* CoreMedia.framework */ = {isa = PBXFileReference; lastKnownFileType = wrapper.framework; name = CoreMedia.framework; path = System/Library/Frameworks/CoreMedia.framework; sourceTree = SDKROOT; };
		7600DCE81D9576CA00D7FA09 /* SystemConfiguration.framework */ = {isa = PBXFileReference; lastKnownFileType = wrapper.framework; name = SystemConfiguration.framework; path = System/Library/Frameworks/SystemConfiguration.framework; sourceTree = SDKROOT; };
		7600DCEA1D9576D600D7FA09 /* CoreFoundation.framework */ = {isa = PBXFileReference; lastKnownFileType = wrapper.framework; name = CoreFoundation.framework; path = System/Library/Frameworks/CoreFoundation.framework; sourceTree = SDKROOT; };
		7600DCEC1D9576E400D7FA09 /* CoreTelephony.framework */ = {isa = PBXFileReference; lastKnownFileType = wrapper.framework; name = CoreTelephony.framework; path = System/Library/Frameworks/CoreTelephony.framework; sourceTree = SDKROOT; };
		7600DCEE1D9576F000D7FA09 /* CoreGraphics.framework */ = {isa = PBXFileReference; lastKnownFileType = wrapper.framework; name = CoreGraphics.framework; path = System/Library/Frameworks/CoreGraphics.framework; sourceTree = SDKROOT; };
		7600DCF01D9576FB00D7FA09 /* OpenGLES.framework */ = {isa = PBXFileReference; lastKnownFileType = wrapper.framework; name = OpenGLES.framework; path = System/Library/Frameworks/OpenGLES.framework; sourceTree = SDKROOT; };
		7600DCF21D95770500D7FA09 /* Security.framework */ = {isa = PBXFileReference; lastKnownFileType = wrapper.framework; name = Security.framework; path = System/Library/Frameworks/Security.framework; sourceTree = SDKROOT; };
		7600DCF41D95771400D7FA09 /* Foundation.framework */ = {isa = PBXFileReference; lastKnownFileType = wrapper.framework; name = Foundation.framework; path = System/Library/Frameworks/Foundation.framework; sourceTree = SDKROOT; };
		7600DCF61D95771E00D7FA09 /* UIKit.framework */ = {isa = PBXFileReference; lastKnownFileType = wrapper.framework; name = UIKit.framework; path = System/Library/Frameworks/UIKit.framework; sourceTree = SDKROOT; };
		7600DCF81D95789F00D7FA09 /* libz.tbd */ = {isa = PBXFileReference; lastKnownFileType = "sourcecode.text-based-dylib-definition"; name = libz.tbd; path = usr/lib/libz.tbd; sourceTree = SDKROOT; };
		7600DCFA1D9578A700D7FA09 /* libbz2.tbd */ = {isa = PBXFileReference; lastKnownFileType = "sourcecode.text-based-dylib-definition"; name = libbz2.tbd; path = usr/lib/libbz2.tbd; sourceTree = SDKROOT; };
		7600DCFC1D9578C500D7FA09 /* libicucore.tbd */ = {isa = PBXFileReference; lastKnownFileType = "sourcecode.text-based-dylib-definition"; name = libicucore.tbd; path = usr/lib/libicucore.tbd; sourceTree = SDKROOT; };
		7600DCFF1D95812300D7FA09 /* ToolBar.h */ = {isa = PBXFileReference; fileEncoding = 4; lastKnownFileType = sourcecode.c.h; path = ToolBar.h; sourceTree = "<group>"; };
		7600DD001D95812300D7FA09 /* ToolBar.m */ = {isa = PBXFileReference; fileEncoding = 4; lastKnownFileType = sourcecode.c.objc; path = ToolBar.m; sourceTree = "<group>"; };
		760559E01D9040FB0075C01B /* LunchScreen.xib */ = {isa = PBXFileReference; fileEncoding = 4; lastKnownFileType = file.xib; path = LunchScreen.xib; sourceTree = "<group>"; };
		765E51801D92B442005A7FBC /* Images.xcassets */ = {isa = PBXFileReference; lastKnownFileType = folder.assetcatalog; path = Images.xcassets; sourceTree = "<group>"; };
		765E51881D92CD5E005A7FBC /* PlayViewController.h */ = {isa = PBXFileReference; fileEncoding = 4; lastKnownFileType = sourcecode.c.h; path = PlayViewController.h; sourceTree = "<group>"; };
		765E51891D92CD5E005A7FBC /* PlayViewController.m */ = {isa = PBXFileReference; fileEncoding = 4; lastKnownFileType = sourcecode.c.objc; path = PlayViewController.m; sourceTree = "<group>"; };
		765E51BF1D92DE7D005A7FBC /* VideoCell.h */ = {isa = PBXFileReference; fileEncoding = 4; lastKnownFileType = sourcecode.c.h; path = VideoCell.h; sourceTree = "<group>"; };
		765E51C01D92DE7D005A7FBC /* VideoCell.m */ = {isa = PBXFileReference; fileEncoding = 4; lastKnownFileType = sourcecode.c.objc; path = VideoCell.m; sourceTree = "<group>"; };
		96A10CCD1CA58ACB00BE3AD1 /* libstdc++.tbd */ = {isa = PBXFileReference; lastKnownFileType = "sourcecode.text-based-dylib-definition"; name = "libstdc++.tbd"; path = "usr/lib/libstdc++.tbd"; sourceTree = SDKROOT; };
		96A10CCF1CA58AD700BE3AD1 /* libiconv.tbd */ = {isa = PBXFileReference; lastKnownFileType = "sourcecode.text-based-dylib-definition"; name = libiconv.tbd; path = usr/lib/libiconv.tbd; sourceTree = SDKROOT; };
		A1195C5F1E6AF22300535E11 /* EasySetingViewController.h */ = {isa = PBXFileReference; fileEncoding = 4; lastKnownFileType = sourcecode.c.h; path = EasySetingViewController.h; sourceTree = "<group>"; };
		A1195C601E6AF22300535E11 /* EasySetingViewController.m */ = {isa = PBXFileReference; fileEncoding = 4; lastKnownFileType = sourcecode.c.objc; path = EasySetingViewController.m; sourceTree = "<group>"; };
		A1195C611E6AF22300535E11 /* EasySetingViewController.xib */ = {isa = PBXFileReference; fileEncoding = 4; lastKnownFileType = file.xib; path = EasySetingViewController.xib; sourceTree = "<group>"; };
		A17A0A661F6C012900F47FF5 /* FileListViewController.h */ = {isa = PBXFileReference; fileEncoding = 4; lastKnownFileType = sourcecode.c.h; path = FileListViewController.h; sourceTree = "<group>"; };
		A17A0A671F6C012900F47FF5 /* FileListViewController.m */ = {isa = PBXFileReference; fileEncoding = 4; lastKnownFileType = sourcecode.c.objc; path = FileListViewController.m; sourceTree = "<group>"; };
		A17A0A681F6C012900F47FF5 /* FileListViewController.xib */ = {isa = PBXFileReference; fileEncoding = 4; lastKnownFileType = file.xib; path = FileListViewController.xib; sourceTree = "<group>"; };
		A1C5EAAA1E4C0DF10075C4BE /* EasyInfoViewController.h */ = {isa = PBXFileReference; fileEncoding = 4; lastKnownFileType = sourcecode.c.h; path = EasyInfoViewController.h; sourceTree = "<group>"; };
		A1C5EAAB1E4C0DF10075C4BE /* EasyInfoViewController.m */ = {isa = PBXFileReference; fileEncoding = 4; lastKnownFileType = sourcecode.c.objc; path = EasyInfoViewController.m; sourceTree = "<group>"; };
		A1C5EAAD1E4C0F040075C4BE /* EasyInfoViewController.xib */ = {isa = PBXFileReference; fileEncoding = 4; lastKnownFileType = file.xib; path = EasyInfoViewController.xib; sourceTree = "<group>"; };
		A1C5EAE21E4C8D540075C4BE /* CustomAlertView.h */ = {isa = PBXFileReference; fileEncoding = 4; lastKnownFileType = sourcecode.c.h; path = CustomAlertView.h; sourceTree = "<group>"; };
		A1C5EAE31E4C8D540075C4BE /* CustomAlertView.m */ = {isa = PBXFileReference; fileEncoding = 4; lastKnownFileType = sourcecode.c.objc; path = CustomAlertView.m; sourceTree = "<group>"; };
		A1C5EAE41E4C8D540075C4BE /* MBProgressHUD.h */ = {isa = PBXFileReference; fileEncoding = 4; lastKnownFileType = sourcecode.c.h; path = MBProgressHUD.h; sourceTree = "<group>"; };
		A1C5EAE51E4C8D540075C4BE /* MBProgressHUD.m */ = {isa = PBXFileReference; fileEncoding = 4; lastKnownFileType = sourcecode.c.objc; path = MBProgressHUD.m; sourceTree = "<group>"; };
		A1C5EAE61E4C8D540075C4BE /* MBTextHud.h */ = {isa = PBXFileReference; fileEncoding = 4; lastKnownFileType = sourcecode.c.h; path = MBTextHud.h; sourceTree = "<group>"; };
		A1C5EAE71E4C8D540075C4BE /* MBTextHud.m */ = {isa = PBXFileReference; fileEncoding = 4; lastKnownFileType = sourcecode.c.objc; path = MBTextHud.m; sourceTree = "<group>"; };
		A1C5EAE81E4C8D540075C4BE /* UiotHUD.h */ = {isa = PBXFileReference; fileEncoding = 4; lastKnownFileType = sourcecode.c.h; path = UiotHUD.h; sourceTree = "<group>"; };
		A1C5EAE91E4C8D540075C4BE /* UiotHUD.m */ = {isa = PBXFileReference; fileEncoding = 4; lastKnownFileType = sourcecode.c.objc; path = UiotHUD.m; sourceTree = "<group>"; };
		A1E9CE7A1F6CC148007577AC /* VideoListViewController.h */ = {isa = PBXFileReference; fileEncoding = 4; lastKnownFileType = sourcecode.c.h; path = VideoListViewController.h; sourceTree = "<group>"; };
		A1E9CE7B1F6CC148007577AC /* VideoListViewController.m */ = {isa = PBXFileReference; fileEncoding = 4; lastKnownFileType = sourcecode.c.objc; path = VideoListViewController.m; sourceTree = "<group>"; };
		A1E9CE7C1F6CC148007577AC /* VideoListViewController.xib */ = {isa = PBXFileReference; fileEncoding = 4; lastKnownFileType = file.xib; path = VideoListViewController.xib; sourceTree = "<group>"; };
		C44C89301CACABE4006B5CDC /* EasyPlayer-Prefix.pch */ = {isa = PBXFileReference; fileEncoding = 4; lastKnownFileType = sourcecode.c.h; lineEnding = 0; path = "EasyPlayer-Prefix.pch"; sourceTree = "<group>"; xcLanguageSpecificationIdentifier = xcode.lang.objc; };
		C458D31E1CAB7071004C34C7 /* AVFoundation.framework */ = {isa = PBXFileReference; lastKnownFileType = wrapper.framework; name = AVFoundation.framework; path = System/Library/Frameworks/AVFoundation.framework; sourceTree = SDKROOT; };
		C458D3231CAB770E004C34C7 /* RootViewController.h */ = {isa = PBXFileReference; fileEncoding = 4; lastKnownFileType = sourcecode.c.h; lineEnding = 0; path = RootViewController.h; sourceTree = "<group>"; xcLanguageSpecificationIdentifier = xcode.lang.objcpp; };
		C458D3241CAB770E004C34C7 /* RootViewController.m */ = {isa = PBXFileReference; fileEncoding = 4; lastKnownFileType = sourcecode.c.objc; lineEnding = 0; path = RootViewController.m; sourceTree = "<group>"; xcLanguageSpecificationIdentifier = xcode.lang.objc; };
		D7FECD21CBE965AA2E34D8CD /* Pods-EasyPlayerPro.debug.xcconfig */ = {isa = PBXFileReference; includeInIndex = 1; lastKnownFileType = text.xcconfig; name = "Pods-EasyPlayerPro.debug.xcconfig"; path = "Pods/Target Support Files/Pods-EasyPlayerPro/Pods-EasyPlayerPro.debug.xcconfig"; sourceTree = "<group>"; };
		DAE85E951B733B2600062371 /* EasyPlayerPro.app */ = {isa = PBXFileReference; explicitFileType = wrapper.application; includeInIndex = 0; path = EasyPlayerPro.app; sourceTree = BUILT_PRODUCTS_DIR; };
		DAE85E991B733B2600062371 /* Info.plist */ = {isa = PBXFileReference; lastKnownFileType = text.plist.xml; path = Info.plist; sourceTree = "<group>"; };
		DAE85E9A1B733B2600062371 /* main.m */ = {isa = PBXFileReference; lastKnownFileType = sourcecode.c.objc; lineEnding = 0; path = main.m; sourceTree = "<group>"; xcLanguageSpecificationIdentifier = xcode.lang.objc; };
		DAE85E9C1B733B2600062371 /* AppDelegate.h */ = {isa = PBXFileReference; lastKnownFileType = sourcecode.c.h; lineEnding = 0; path = AppDelegate.h; sourceTree = "<group>"; xcLanguageSpecificationIdentifier = xcode.lang.objcpp; };
		DAE85E9D1B733B2600062371 /* AppDelegate.m */ = {isa = PBXFileReference; lastKnownFileType = sourcecode.c.objc; lineEnding = 0; path = AppDelegate.m; sourceTree = "<group>"; xcLanguageSpecificationIdentifier = xcode.lang.objc; };
		F4890229DCDE8969E83057D1 /* Pods-EasyPlayerPro.release.xcconfig */ = {isa = PBXFileReference; includeInIndex = 1; lastKnownFileType = text.xcconfig; name = "Pods-EasyPlayerPro.release.xcconfig"; path = "Pods/Target Support Files/Pods-EasyPlayerPro/Pods-EasyPlayerPro.release.xcconfig"; sourceTree = "<group>"; };
/* End PBXFileReference section */

/* Begin PBXFrameworksBuildPhase section */
		DAE85E921B733B2600062371 /* Frameworks */ = {
			isa = PBXFrameworksBuildPhase;
			buildActionMask = 2147483647;
			files = (
				7600DCFD1D9578C500D7FA09 /* libicucore.tbd in Frameworks */,
				7600DCFB1D9578A700D7FA09 /* libbz2.tbd in Frameworks */,
				7600DCF91D95789F00D7FA09 /* libz.tbd in Frameworks */,
				96A10CD01CA58AD700BE3AD1 /* libiconv.tbd in Frameworks */,
				96A10CCE1CA58ACB00BE3AD1 /* libstdc++.tbd in Frameworks */,
				66C696C41FD9632600A4CE27 /* IJKMediaFramework.framework in Frameworks */,
				7600DCF71D95771E00D7FA09 /* UIKit.framework in Frameworks */,
				7600DCF51D95771400D7FA09 /* Foundation.framework in Frameworks */,
				7600DCF31D95770500D7FA09 /* Security.framework in Frameworks */,
				7600DCF11D9576FB00D7FA09 /* OpenGLES.framework in Frameworks */,
				7600DCEF1D9576F000D7FA09 /* CoreGraphics.framework in Frameworks */,
				7600DCED1D9576E400D7FA09 /* CoreTelephony.framework in Frameworks */,
				7600DCEB1D9576D600D7FA09 /* CoreFoundation.framework in Frameworks */,
				7600DCE91D9576CA00D7FA09 /* SystemConfiguration.framework in Frameworks */,
				7600DCE71D9576C000D7FA09 /* CoreMedia.framework in Frameworks */,
				7600DCE51D9576B500D7FA09 /* CoreVideo.framework in Frameworks */,
				7600DCE31D9576A800D7FA09 /* CoreLocation.framework in Frameworks */,
				7600DCE11D95769E00D7FA09 /* VideoToolbox.framework in Frameworks */,
				7600DCDF1D95769500D7FA09 /* AudioToolbox.framework in Frameworks */,
				7600DCDD1D95768700D7FA09 /* MediaPlayer.framework in Frameworks */,
				C458D31F1CAB7071004C34C7 /* AVFoundation.framework in Frameworks */,
				EBE6BE4603EB6419BAB0EF91 /* libPods-EasyPlayerPro.a in Frameworks */,
			);
			runOnlyForDeploymentPostprocessing = 0;
		};
/* End PBXFrameworksBuildPhase section */

/* Begin PBXGroup section */
		035A9E5EBA9B430374420741 /* Pods */ = {
			isa = PBXGroup;
			children = (
				D7FECD21CBE965AA2E34D8CD /* Pods-EasyPlayerPro.debug.xcconfig */,
				F4890229DCDE8969E83057D1 /* Pods-EasyPlayerPro.release.xcconfig */,
			);
			name = Pods;
			sourceTree = "<group>";
		};
		66D2D7732006395400FDE0C7 /* ViewController */ = {
			isa = PBXGroup;
			children = (
				C458D3231CAB770E004C34C7 /* RootViewController.h */,
				C458D3241CAB770E004C34C7 /* RootViewController.m */,
				765E51881D92CD5E005A7FBC /* PlayViewController.h */,
				765E51891D92CD5E005A7FBC /* PlayViewController.m */,
				66D2D776200639BC00FDE0C7 /* Additional */,
			);
			path = ViewController;
			sourceTree = "<group>";
		};
		66D2D7742006395A00FDE0C7 /* View */ = {
			isa = PBXGroup;
			children = (
				765E51BF1D92DE7D005A7FBC /* VideoCell.h */,
				765E51C01D92DE7D005A7FBC /* VideoCell.m */,
				66D2D778200639EE00FDE0C7 /* ScreenShotListCell.h */,
				66D2D777200639ED00FDE0C7 /* ScreenShotListCell.m */,
			);
			path = View;
			sourceTree = "<group>";
		};
		66D2D7752006399B00FDE0C7 /* Vendor */ = {
			isa = PBXGroup;
			children = (
				A1C5EAE11E4C8D540075C4BE /* uiotHUD */,
				7600DCFE1D95812300D7FA09 /* ToolBar */,
			);
			path = Vendor;
			sourceTree = "<group>";
		};
		66D2D776200639BC00FDE0C7 /* Additional */ = {
			isa = PBXGroup;
			children = (
				A1C5EAAA1E4C0DF10075C4BE /* EasyInfoViewController.h */,
				A1C5EAAB1E4C0DF10075C4BE /* EasyInfoViewController.m */,
				A1C5EAAD1E4C0F040075C4BE /* EasyInfoViewController.xib */,
				A1195C5F1E6AF22300535E11 /* EasySetingViewController.h */,
				A1195C601E6AF22300535E11 /* EasySetingViewController.m */,
				A1195C611E6AF22300535E11 /* EasySetingViewController.xib */,
				A17A0A661F6C012900F47FF5 /* FileListViewController.h */,
				A17A0A671F6C012900F47FF5 /* FileListViewController.m */,
				A17A0A681F6C012900F47FF5 /* FileListViewController.xib */,
				A1E9CE7A1F6CC148007577AC /* VideoListViewController.h */,
				A1E9CE7B1F6CC148007577AC /* VideoListViewController.m */,
				A1E9CE7C1F6CC148007577AC /* VideoListViewController.xib */,
				66D2D77B20063A0700FDE0C7 /* ScreenShotListViewController.h */,
				66D2D77A20063A0700FDE0C7 /* ScreenShotListViewController.m */,
			);
			path = Additional;
			sourceTree = "<group>";
		};
		7600DCDB1D95768700D7FA09 /* Frameworks */ = {
			isa = PBXGroup;
			children = (
				7600DCFC1D9578C500D7FA09 /* libicucore.tbd */,
				7600DCFA1D9578A700D7FA09 /* libbz2.tbd */,
				7600DCF81D95789F00D7FA09 /* libz.tbd */,
				96A10CCF1CA58AD700BE3AD1 /* libiconv.tbd */,
				96A10CCD1CA58ACB00BE3AD1 /* libstdc++.tbd */,
				66C696C31FD9632600A4CE27 /* IJKMediaFramework.framework */,
				7600DCE01D95769E00D7FA09 /* VideoToolbox.framework */,
				7600DCDE1D95769500D7FA09 /* AudioToolbox.framework */,
				7600DCF61D95771E00D7FA09 /* UIKit.framework */,
				C458D31E1CAB7071004C34C7 /* AVFoundation.framework */,
				7600DCF41D95771400D7FA09 /* Foundation.framework */,
				7600DCF21D95770500D7FA09 /* Security.framework */,
				7600DCF01D9576FB00D7FA09 /* OpenGLES.framework */,
				7600DCEE1D9576F000D7FA09 /* CoreGraphics.framework */,
				7600DCEC1D9576E400D7FA09 /* CoreTelephony.framework */,
				7600DCEA1D9576D600D7FA09 /* CoreFoundation.framework */,
				7600DCE81D9576CA00D7FA09 /* SystemConfiguration.framework */,
				7600DCE61D9576C000D7FA09 /* CoreMedia.framework */,
				7600DCE41D9576B500D7FA09 /* CoreVideo.framework */,
				7600DCE21D9576A800D7FA09 /* CoreLocation.framework */,
				7600DCDC1D95768700D7FA09 /* MediaPlayer.framework */,
			);
			name = Frameworks;
			path = ..;
			sourceTree = "<group>";
		};
		7600DCFE1D95812300D7FA09 /* ToolBar */ = {
			isa = PBXGroup;
			children = (
				7600DCFF1D95812300D7FA09 /* ToolBar.h */,
				7600DD001D95812300D7FA09 /* ToolBar.m */,
			);
			path = ToolBar;
			sourceTree = "<group>";
		};
		9C44688C7DD779937ACE002F /* Frameworks */ = {
			isa = PBXGroup;
			children = (
				66974DBE223389C70003125C /* libPods-EasyPlayerPro.a */,
			);
			name = Frameworks;
			sourceTree = "<group>";
		};
		A1C5EAE11E4C8D540075C4BE /* uiotHUD */ = {
			isa = PBXGroup;
			children = (
				A1C5EAE21E4C8D540075C4BE /* CustomAlertView.h */,
				A1C5EAE31E4C8D540075C4BE /* CustomAlertView.m */,
				A1C5EAE41E4C8D540075C4BE /* MBProgressHUD.h */,
				A1C5EAE51E4C8D540075C4BE /* MBProgressHUD.m */,
				A1C5EAE61E4C8D540075C4BE /* MBTextHud.h */,
				A1C5EAE71E4C8D540075C4BE /* MBTextHud.m */,
				A1C5EAE81E4C8D540075C4BE /* UiotHUD.h */,
				A1C5EAE91E4C8D540075C4BE /* UiotHUD.m */,
			);
			path = uiotHUD;
			sourceTree = "<group>";
		};
		DAE85E8C1B733B2600062371 = {
			isa = PBXGroup;
			children = (
				DAE85E971B733B2600062371 /* EasyPlayer */,
				DAE85E961B733B2600062371 /* Products */,
				035A9E5EBA9B430374420741 /* Pods */,
				9C44688C7DD779937ACE002F /* Frameworks */,
			);
			sourceTree = "<group>";
		};
		DAE85E961B733B2600062371 /* Products */ = {
			isa = PBXGroup;
			children = (
				DAE85E951B733B2600062371 /* EasyPlayerPro.app */,
			);
			name = Products;
			sourceTree = "<group>";
		};
		DAE85E971B733B2600062371 /* EasyPlayer */ = {
			isa = PBXGroup;
			children = (
				DAE85E981B733B2600062371 /* Supporting Files */,
				66D2D7732006395400FDE0C7 /* ViewController */,
				66D2D7742006395A00FDE0C7 /* View */,
				66D2D7752006399B00FDE0C7 /* Vendor */,
				7600DCDB1D95768700D7FA09 /* Frameworks */,
			);
			path = EasyPlayer;
			sourceTree = "<group>";
		};
		DAE85E981B733B2600062371 /* Supporting Files */ = {
			isa = PBXGroup;
			children = (
				DAE85E9C1B733B2600062371 /* AppDelegate.h */,
				DAE85E9D1B733B2600062371 /* AppDelegate.m */,
				DAE85E991B733B2600062371 /* Info.plist */,
				DAE85E9A1B733B2600062371 /* main.m */,
				C44C89301CACABE4006B5CDC /* EasyPlayer-Prefix.pch */,
				760559E01D9040FB0075C01B /* LunchScreen.xib */,
				663498CD2171971C00DD64C0 /* ImageSource.xcassets */,
				765E51801D92B442005A7FBC /* Images.xcassets */,
			);
			name = "Supporting Files";
			sourceTree = "<group>";
		};
/* End PBXGroup section */

/* Begin PBXNativeTarget section */
		DAE85E941B733B2600062371 /* EasyPlayerPro */ = {
			isa = PBXNativeTarget;
			buildConfigurationList = DAE85EB81B733B2600062371 /* Build configuration list for PBXNativeTarget "EasyPlayerPro" */;
			buildPhases = (
				7AC215B9DA13D86875DEB553 /* [CP] Check Pods Manifest.lock */,
				DAE85E911B733B2600062371 /* Sources */,
				DAE85E921B733B2600062371 /* Frameworks */,
				DAE85E931B733B2600062371 /* Resources */,
				30B86B7CFB451260C49E5438 /* [CP] Copy Pods Resources */,
			);
			buildRules = (
			);
			dependencies = (
			);
			name = EasyPlayerPro;
			productName = EasyDarwinPlayer;
			productReference = DAE85E951B733B2600062371 /* EasyPlayerPro.app */;
			productType = "com.apple.product-type.application";
		};
/* End PBXNativeTarget section */

/* Begin PBXProject section */
		DAE85E8D1B733B2600062371 /* Project object */ = {
			isa = PBXProject;
			attributes = {
				LastUpgradeCheck = 1010;
				ORGANIZATIONNAME = duowan;
				TargetAttributes = {
					DAE85E941B733B2600062371 = {
						CreatedOnToolsVersion = 6.4;
						DevelopmentTeam = 33USAS7KQX;
					};
				};
			};
			buildConfigurationList = DAE85E901B733B2600062371 /* Build configuration list for PBXProject "EasyPlayerPro" */;
			compatibilityVersion = "Xcode 3.2";
			developmentRegion = English;
			hasScannedForEncodings = 0;
			knownRegions = (
				en,
				Base,
			);
			mainGroup = DAE85E8C1B733B2600062371;
			productRefGroup = DAE85E961B733B2600062371 /* Products */;
			projectDirPath = "";
			projectRoot = "";
			targets = (
				DAE85E941B733B2600062371 /* EasyPlayerPro */,
			);
		};
/* End PBXProject section */

/* Begin PBXResourcesBuildPhase section */
		DAE85E931B733B2600062371 /* Resources */ = {
			isa = PBXResourcesBuildPhase;
			buildActionMask = 2147483647;
			files = (
				765E51811D92B442005A7FBC /* Images.xcassets in Resources */,
				663498CE2171971C00DD64C0 /* ImageSource.xcassets in Resources */,
				760559E11D9040FB0075C01B /* LunchScreen.xib in Resources */,
				A1195C631E6AF22300535E11 /* EasySetingViewController.xib in Resources */,
				A1C5EAAE1E4C0F040075C4BE /* EasyInfoViewController.xib in Resources */,
				A1E9CE7E1F6CC148007577AC /* VideoListViewController.xib in Resources */,
				A17A0A6A1F6C012900F47FF5 /* FileListViewController.xib in Resources */,
			);
			runOnlyForDeploymentPostprocessing = 0;
		};
/* End PBXResourcesBuildPhase section */

/* Begin PBXShellScriptBuildPhase section */
		30B86B7CFB451260C49E5438 /* [CP] Copy Pods Resources */ = {
			isa = PBXShellScriptBuildPhase;
			buildActionMask = 2147483647;
			files = (
			);
			inputPaths = (
				"${PODS_ROOT}/Target Support Files/Pods-EasyPlayerPro/Pods-EasyPlayerPro-resources.sh",
				"${PODS_ROOT}/MJRefresh/MJRefresh/MJRefresh.bundle",
			);
			name = "[CP] Copy Pods Resources";
			outputPaths = (
				"${TARGET_BUILD_DIR}/${UNLOCALIZED_RESOURCES_FOLDER_PATH}/MJRefresh.bundle",
			);
			runOnlyForDeploymentPostprocessing = 0;
			shellPath = /bin/sh;
			shellScript = "\"${PODS_ROOT}/Target Support Files/Pods-EasyPlayerPro/Pods-EasyPlayerPro-resources.sh\"\n";
			showEnvVarsInLog = 0;
		};
		7AC215B9DA13D86875DEB553 /* [CP] Check Pods Manifest.lock */ = {
			isa = PBXShellScriptBuildPhase;
			buildActionMask = 2147483647;
			files = (
			);
			inputPaths = (
				"${PODS_PODFILE_DIR_PATH}/Podfile.lock",
				"${PODS_ROOT}/Manifest.lock",
			);
			name = "[CP] Check Pods Manifest.lock";
			outputPaths = (
				"$(DERIVED_FILE_DIR)/Pods-EasyPlayerPro-checkManifestLockResult.txt",
			);
			runOnlyForDeploymentPostprocessing = 0;
			shellPath = /bin/sh;
			shellScript = "diff \"${PODS_PODFILE_DIR_PATH}/Podfile.lock\" \"${PODS_ROOT}/Manifest.lock\" > /dev/null\nif [ $? != 0 ] ; then\n    # print error to STDERR\n    echo \"error: The sandbox is not in sync with the Podfile.lock. Run 'pod install' or update your CocoaPods installation.\" >&2\n    exit 1\nfi\n# This output is used by Xcode 'outputs' to avoid re-running this script phase.\necho \"SUCCESS\" > \"${SCRIPT_OUTPUT_FILE_0}\"\n";
			showEnvVarsInLog = 0;
		};
/* End PBXShellScriptBuildPhase section */

/* Begin PBXSourcesBuildPhase section */
		DAE85E911B733B2600062371 /* Sources */ = {
			isa = PBXSourcesBuildPhase;
			buildActionMask = 2147483647;
			files = (
				765E518A1D92CD5E005A7FBC /* PlayViewController.m in Sources */,
				DAE85E9E1B733B2600062371 /* AppDelegate.m in Sources */,
				A1C5EAEC1E4C8D540075C4BE /* MBTextHud.m in Sources */,
				C458D3251CAB770E004C34C7 /* RootViewController.m in Sources */,
				A1C5EAEA1E4C8D540075C4BE /* CustomAlertView.m in Sources */,
				A17A0A691F6C012900F47FF5 /* FileListViewController.m in Sources */,
				7600DD011D95812300D7FA09 /* ToolBar.m in Sources */,
				A1C5EAED1E4C8D540075C4BE /* UiotHUD.m in Sources */,
				A1E9CE7D1F6CC148007577AC /* VideoListViewController.m in Sources */,
				765E51C11D92DE7D005A7FBC /* VideoCell.m in Sources */,
				A1C5EAEB1E4C8D540075C4BE /* MBProgressHUD.m in Sources */,
				66D2D779200639EE00FDE0C7 /* ScreenShotListCell.m in Sources */,
				A1C5EAAC1E4C0DF10075C4BE /* EasyInfoViewController.m in Sources */,
				A1195C621E6AF22300535E11 /* EasySetingViewController.m in Sources */,
				DAE85E9B1B733B2600062371 /* main.m in Sources */,
				66D2D77C20063A0700FDE0C7 /* ScreenShotListViewController.m in Sources */,
			);
			runOnlyForDeploymentPostprocessing = 0;
		};
/* End PBXSourcesBuildPhase section */

/* Begin XCBuildConfiguration section */
		DAE85EB61B733B2600062371 /* Debug */ = {
			isa = XCBuildConfiguration;
			buildSettings = {
				ALWAYS_SEARCH_USER_PATHS = NO;
				CLANG_CXX_LANGUAGE_STANDARD = "gnu++0x";
				CLANG_CXX_LIBRARY = "libc++";
				CLANG_ENABLE_MODULES = YES;
				CLANG_ENABLE_OBJC_ARC = YES;
				CLANG_WARN_BLOCK_CAPTURE_AUTORELEASING = YES;
				CLANG_WARN_BOOL_CONVERSION = YES;
				CLANG_WARN_COMMA = YES;
				CLANG_WARN_CONSTANT_CONVERSION = YES;
				CLANG_WARN_DEPRECATED_OBJC_IMPLEMENTATIONS = YES;
				CLANG_WARN_DIRECT_OBJC_ISA_USAGE = YES_ERROR;
				CLANG_WARN_EMPTY_BODY = YES;
				CLANG_WARN_ENUM_CONVERSION = YES;
				CLANG_WARN_INFINITE_RECURSION = YES;
				CLANG_WARN_INT_CONVERSION = YES;
				CLANG_WARN_NON_LITERAL_NULL_CONVERSION = YES;
				CLANG_WARN_OBJC_IMPLICIT_RETAIN_SELF = YES;
				CLANG_WARN_OBJC_LITERAL_CONVERSION = YES;
				CLANG_WARN_OBJC_ROOT_CLASS = YES_ERROR;
				CLANG_WARN_RANGE_LOOP_ANALYSIS = YES;
				CLANG_WARN_STRICT_PROTOTYPES = YES;
				CLANG_WARN_SUSPICIOUS_MOVE = YES;
				CLANG_WARN_UNREACHABLE_CODE = YES;
				CLANG_WARN__DUPLICATE_METHOD_MATCH = YES;
				CODE_SIGN_IDENTITY = "iPhone Distribution: xin sun (33USAS7KQX)";
				"CODE_SIGN_IDENTITY[sdk=iphoneos*]" = "iPhone Developer";
				COPY_PHASE_STRIP = NO;
				DEBUG_INFORMATION_FORMAT = "dwarf-with-dsym";
				ENABLE_STRICT_OBJC_MSGSEND = YES;
				ENABLE_TESTABILITY = YES;
				GCC_C_LANGUAGE_STANDARD = gnu99;
				GCC_DYNAMIC_NO_PIC = NO;
				GCC_NO_COMMON_BLOCKS = YES;
				GCC_OPTIMIZATION_LEVEL = 0;
				GCC_PREPROCESSOR_DEFINITIONS = (
					"DEBUG=1",
					"$(inherited)",
				);
				GCC_SYMBOLS_PRIVATE_EXTERN = NO;
				GCC_WARN_64_TO_32_BIT_CONVERSION = YES;
				GCC_WARN_ABOUT_RETURN_TYPE = YES_ERROR;
				GCC_WARN_UNDECLARED_SELECTOR = YES;
				GCC_WARN_UNINITIALIZED_AUTOS = YES_AGGRESSIVE;
				GCC_WARN_UNUSED_FUNCTION = YES;
				GCC_WARN_UNUSED_VARIABLE = YES;
				IPHONEOS_DEPLOYMENT_TARGET = 8.4;
				MTL_ENABLE_DEBUG_INFO = YES;
				ONLY_ACTIVE_ARCH = YES;
				SDKROOT = iphoneos;
				TARGETED_DEVICE_FAMILY = "1,2";
			};
			name = Debug;
		};
		DAE85EB71B733B2600062371 /* Release */ = {
			isa = XCBuildConfiguration;
			buildSettings = {
				ALWAYS_SEARCH_USER_PATHS = NO;
				CLANG_CXX_LANGUAGE_STANDARD = "gnu++0x";
				CLANG_CXX_LIBRARY = "libc++";
				CLANG_ENABLE_MODULES = YES;
				CLANG_ENABLE_OBJC_ARC = YES;
				CLANG_WARN_BLOCK_CAPTURE_AUTORELEASING = YES;
				CLANG_WARN_BOOL_CONVERSION = YES;
				CLANG_WARN_COMMA = YES;
				CLANG_WARN_CONSTANT_CONVERSION = YES;
				CLANG_WARN_DEPRECATED_OBJC_IMPLEMENTATIONS = YES;
				CLANG_WARN_DIRECT_OBJC_ISA_USAGE = YES_ERROR;
				CLANG_WARN_EMPTY_BODY = YES;
				CLANG_WARN_ENUM_CONVERSION = YES;
				CLANG_WARN_INFINITE_RECURSION = YES;
				CLANG_WARN_INT_CONVERSION = YES;
				CLANG_WARN_NON_LITERAL_NULL_CONVERSION = YES;
				CLANG_WARN_OBJC_IMPLICIT_RETAIN_SELF = YES;
				CLANG_WARN_OBJC_LITERAL_CONVERSION = YES;
				CLANG_WARN_OBJC_ROOT_CLASS = YES_ERROR;
				CLANG_WARN_RANGE_LOOP_ANALYSIS = YES;
				CLANG_WARN_STRICT_PROTOTYPES = YES;
				CLANG_WARN_SUSPICIOUS_MOVE = YES;
				CLANG_WARN_UNREACHABLE_CODE = YES;
				CLANG_WARN__DUPLICATE_METHOD_MATCH = YES;
				CODE_SIGN_IDENTITY = "iPhone Distribution: xin sun (33USAS7KQX)";
				"CODE_SIGN_IDENTITY[sdk=iphoneos*]" = "iPhone Developer";
				COPY_PHASE_STRIP = NO;
				DEBUG_INFORMATION_FORMAT = "dwarf-with-dsym";
				ENABLE_NS_ASSERTIONS = NO;
				ENABLE_STRICT_OBJC_MSGSEND = YES;
				GCC_C_LANGUAGE_STANDARD = gnu99;
				GCC_NO_COMMON_BLOCKS = YES;
				GCC_WARN_64_TO_32_BIT_CONVERSION = YES;
				GCC_WARN_ABOUT_RETURN_TYPE = YES_ERROR;
				GCC_WARN_UNDECLARED_SELECTOR = YES;
				GCC_WARN_UNINITIALIZED_AUTOS = YES_AGGRESSIVE;
				GCC_WARN_UNUSED_FUNCTION = YES;
				GCC_WARN_UNUSED_VARIABLE = YES;
				IPHONEOS_DEPLOYMENT_TARGET = 8.4;
				MTL_ENABLE_DEBUG_INFO = NO;
				SDKROOT = iphoneos;
				TARGETED_DEVICE_FAMILY = "1,2";
				VALIDATE_PRODUCT = YES;
			};
			name = Release;
		};
		DAE85EB91B733B2600062371 /* Debug */ = {
			isa = XCBuildConfiguration;
			baseConfigurationReference = D7FECD21CBE965AA2E34D8CD /* Pods-EasyPlayerPro.debug.xcconfig */;
			buildSettings = {
				ALWAYS_EMBED_SWIFT_STANDARD_LIBRARIES = "$(inherited)";
				ASSETCATALOG_COMPILER_APPICON_NAME = AppIcon;
				CODE_SIGN_IDENTITY = "iPhone Developer";
				"CODE_SIGN_IDENTITY[sdk=iphoneos*]" = "iPhone Developer";
				DEBUG_INFORMATION_FORMAT = dwarf;
				DEVELOPMENT_TEAM = 33USAS7KQX;
				ENABLE_BITCODE = NO;
				FRAMEWORK_SEARCH_PATHS = (
					"$(inherited)",
					"$(PROJECT_DIR)/EasyPlayer",
				);
				GCC_INCREASE_PRECOMPILED_HEADER_SHARING = NO;
				GCC_PRECOMPILE_PREFIX_HEADER = YES;
				GCC_PREFIX_HEADER = "$(SRCROOT)/EasyPlayer/EasyPlayer-Prefix.pch";
				HEADER_SEARCH_PATHS = "$(inherited)";
				INFOPLIST_FILE = "$(SRCROOT)/EasyPlayer/Info.plist";
				IPHONEOS_DEPLOYMENT_TARGET = 9.0;
				LD_RUNPATH_SEARCH_PATHS = "$(inherited) @executable_path/Frameworks";
				LIBRARY_SEARCH_PATHS = "$(inherited)";
				ONLY_ACTIVE_ARCH = NO;
				OTHER_LDFLAGS = "$(inherited)";
				PRODUCT_BUNDLE_IDENTIFIER = org.easydarwin.EasyPlayerPro;
				PRODUCT_NAME = EasyPlayerPro;
				PROVISIONING_PROFILE = "";
				TARGETED_DEVICE_FAMILY = 1;
				VALID_ARCHS = "arm64 armv7s";
			};
			name = Debug;
		};
		DAE85EBA1B733B2600062371 /* Release */ = {
			isa = XCBuildConfiguration;
			baseConfigurationReference = F4890229DCDE8969E83057D1 /* Pods-EasyPlayerPro.release.xcconfig */;
			buildSettings = {
				ALWAYS_EMBED_SWIFT_STANDARD_LIBRARIES = "$(inherited)";
				ASSETCATALOG_COMPILER_APPICON_NAME = AppIcon;
				CODE_SIGN_IDENTITY = "iPhone Developer";
				"CODE_SIGN_IDENTITY[sdk=iphoneos*]" = "iPhone Developer";
				DEBUG_INFORMATION_FORMAT = dwarf;
				DEVELOPMENT_TEAM = 33USAS7KQX;
				ENABLE_BITCODE = NO;
				FRAMEWORK_SEARCH_PATHS = (
					"$(inherited)",
					"$(PROJECT_DIR)/EasyPlayer",
				);
				GCC_INCREASE_PRECOMPILED_HEADER_SHARING = NO;
				GCC_PRECOMPILE_PREFIX_HEADER = YES;
				GCC_PREFIX_HEADER = "$(SRCROOT)/EasyPlayer/EasyPlayer-Prefix.pch";
				HEADER_SEARCH_PATHS = "$(inherited)";
				INFOPLIST_FILE = "$(SRCROOT)/EasyPlayer/Info.plist";
				IPHONEOS_DEPLOYMENT_TARGET = 9.0;
				LD_RUNPATH_SEARCH_PATHS = "$(inherited) @executable_path/Frameworks";
				LIBRARY_SEARCH_PATHS = "$(inherited)";
				ONLY_ACTIVE_ARCH = YES;
				OTHER_LDFLAGS = "$(inherited)";
				PRODUCT_BUNDLE_IDENTIFIER = org.easydarwin.EasyPlayerPro;
				PRODUCT_NAME = EasyPlayerPro;
				PROVISIONING_PROFILE = "";
				TARGETED_DEVICE_FAMILY = 1;
				VALID_ARCHS = "arm64 armv7s";
			};
			name = Release;
		};
/* End XCBuildConfiguration section */

/* Begin XCConfigurationList section */
		DAE85E901B733B2600062371 /* Build configuration list for PBXProject "EasyPlayerPro" */ = {
			isa = XCConfigurationList;
			buildConfigurations = (
				DAE85EB61B733B2600062371 /* Debug */,
				DAE85EB71B733B2600062371 /* Release */,
			);
			defaultConfigurationIsVisible = 0;
			defaultConfigurationName = Release;
		};
		DAE85EB81B733B2600062371 /* Build configuration list for PBXNativeTarget "EasyPlayerPro" */ = {
			isa = XCConfigurationList;
			buildConfigurations = (
				DAE85EB91B733B2600062371 /* Debug */,
				DAE85EBA1B733B2600062371 /* Release */,
			);
			defaultConfigurationIsVisible = 0;
			defaultConfigurationName = Release;
		};
/* End XCConfigurationList section */
	};
	rootObject = DAE85E8D1B733B2600062371 /* Project object */;
}
